
Microsoft Visual Studio Solution File, Format Version 12.00
# Visual Studio Version 17
VisualStudioVersion = 17.14.36623.8 d17.14
MinimumVisualStudioVersion = 10.0.40219.1
Project("{FAE04EC0-301F-11D3-BF4B-00C04F79EFBC}") = "PizzaOrderingApp", "PizzaOrderingApp.csproj", "{D72DFA14-8446-42A6-BC1F-BE5229546E28}"
EndProject
Global
	GlobalSection(SolutionConfigurationPlatforms) = preSolution
		Debug|Any CPU = Debug|Any CPU
		Release|Any CPU = Release|Any CPU
	EndGlobalSection
	GlobalSection(ProjectConfigurationPlatforms) = postSolution
		{D72DFA14-8446-42A6-BC1F-BE5229546E28}.Debug|Any CPU.ActiveCfg = Debug|Any CPU
		{D72DFA14-8446-42A6-BC1F-BE5229546E28}.Debug|Any CPU.Build.0 = Debug|Any CPU
		{D72DFA14-8446-42A6-BC1F-BE5229546E28}.Release|Any CPU.ActiveCfg = Release|Any CPU
		{D72DFA14-8446-42A6-BC1F-BE5229546E28}.Release|Any CPU.Build.0 = Release|Any CPU
	EndGlobalSection
	GlobalSection(SolutionProperties) = preSolution
		HideSolutionNode = FALSE
	EndGlobalSection
	GlobalSection(ExtensibilityGlobals) = postSolution
		SolutionGuid = {D84B6789-80FC-4498-B711-DC6EFCF1B106}
	EndGlobalSection
EndGlobal
